{
    "_readme": [
        "This file locks the dependencies of your project to a known state",
        "Read more about it at https://getcomposer.org/doc/01-basic-usage.md#composer-lock-the-lock-file",
        "This file is @generated automatically"
    ],
    "content-hash": "1549fef58805121dfe7f7a63892e399e",
    "packages": [
        {
            "name": "kartik-v/yii2-krajee-base",
            "version": "v3.0.1",
            "source": {
                "type": "git",
                "url": "https://github.com/kartik-v/yii2-krajee-base.git",
                "reference": "bbf7b58b0000f44834c18c0f2eed13a0a7d04c09"
            },
            "dist": {
                "type": "zip",
                "url": "https://api.github.com/repos/kartik-v/yii2-krajee-base/zipball/bbf7b58b0000f44834c18c0f2eed13a0a7d04c09",
                "reference": "bbf7b58b0000f44834c18c0f2eed13a0a7d04c09",
                "shasum": "",
                "mirrors": [
                    {
                        "url": "https://mirrors.aliyun.com/composer/dists/%package%/%reference%.%type%",
                        "preferred": true
                    }
                ]
            },
            "suggest": {
                "yiisoft/yii2-bootstrap": "for Krajee extensions to work with Bootstrap 3.x version",
                "yiisoft/yii2-bootstrap4": "for Krajee extensions to work with Bootstrap 4.x version"
            },
            "type": "yii2-extension",
            "extra": {
                "branch-alias": {
                    "dev-master": "3.0.x-dev"
                }
            },
            "autoload": {
                "psr-4": {
                    "kartik\\base\\": "src"
                }
            },
            "notification-url": "https://packagist.org/downloads/",
            "license": [
                "BSD-3-Clause"
            ],
            "authors": [
                {
                    "name": "Kartik Visweswaran",
                    "email": "kartikv2@gmail.com",
                    "homepage": "http://www.krajee.com/"
                }
            ],
            "description": "Base library and foundation components for all Yii2 Krajee extensions.",
            "homepage": "https://github.com/kartik-v/yii2-krajee-base",
            "keywords": [
                "base",
                "extension",
                "foundation",
                "krajee",
                "widget",
                "yii2"
            ],
            "time": "2021-09-03T10:16:59+00:00"
        },
        {
            "name": "kartik-v/yii2-widget-datetimepicker",
            "version": "v1.5.0",
            "source": {
                "type": "git",
                "url": "https://github.com/kartik-v/yii2-widget-datetimepicker.git",
                "reference": "881985a5e482a4e37d1901c7857912ba5af3f298"
            },
            "dist": {
                "type": "zip",
                "url": "https://api.github.com/repos/kartik-v/yii2-widget-datetimepicker/zipball/881985a5e482a4e37d1901c7857912ba5af3f298",
                "reference": "881985a5e482a4e37d1901c7857912ba5af3f298",
                "shasum": "",
                "mirrors": [
                    {
                        "url": "https://mirrors.aliyun.com/composer/dists/%package%/%reference%.%type%",
                        "preferred": true
                    }
                ]
            },
            "require": {
                "kartik-v/yii2-krajee-base": ">=2.0.0"
            },
            "type": "yii2-extension",
            "extra": {
                "branch-alias": {
                    "dev-master": "1.5.x-dev"
                }
            },
            "autoload": {
                "psr-4": {
                    "kartik\\datetime\\": "src"
                }
            },
            "notification-url": "https://packagist.org/downloads/",
            "license": [
                "BSD-3-Clause"
            ],
            "authors": [
                {
                    "name": "Kartik Visweswaran",
                    "email": "kartikv2@gmail.com",
                    "homepage": "http://www.krajee.com/"
                }
            ],
            "description": "Enhanced Yii2 wrapper for the bootstrap datetimepicker plugin (sub repo split from yii2-widgets)",
            "homepage": "https://github.com/kartik-v/yii2-widget-datetimepicker",
            "keywords": [
                "datetime",
                "extension",
                "form",
                "jquery",
                "picker",
                "plugin",
                "select2",
                "widget",
                "yii2"
            ],
            "time": "2021-10-28T03:39:38+00:00"
        }
    ],
    "packages-dev": [],
    "aliases": [],
    "minimum-stability": "stable",
    "stability-flags": [],
    "prefer-stable": false,
    "prefer-lowest": false,
    "platform": [],
    "platform-dev": []
}
